
Microsoft Visual Studio Solution File, Format Version 12.00
# Visual Studio Version 17
VisualStudioVersion = 17.3.32819.101
MinimumVisualStudioVersion = 10.0.40219.1
Project("{FAE04EC0-301F-11D3-BF4B-00C04F79EFBC}") = "Contacts", "Contacts\Contacts.csproj", "{7D914AAF-10A6-48A4-A777-06DF85833E1D}"
EndProject
Global
	GlobalSection(SolutionConfigurationPlatforms) = preSolution
		Debug|Any CPU = Debug|Any CPU
		Release|Any CPU = Release|Any CPU
	EndGlobalSection
	GlobalSection(ProjectConfigurationPlatforms) = postSolution
		{7D914AAF-10A6-48A4-A777-06DF85833E1D}.Debug|Any CPU.ActiveCfg = Debug|Any CPU
		{7D914AAF-10A6-48A4-A777-06DF85833E1D}.Debug|Any CPU.Build.0 = Debug|Any CPU
		{7D914AAF-10A6-48A4-A777-06DF85833E1D}.Release|Any CPU.ActiveCfg = Release|Any CPU
		{7D914AAF-10A6-48A4-A777-06DF85833E1D}.Release|Any CPU.Build.0 = Release|Any CPU
	EndGlobalSection
	GlobalSection(SolutionProperties) = preSolution
		HideSolutionNode = FALSE
	EndGlobalSection
	GlobalSection(ExtensibilityGlobals) = postSolution
		SolutionGuid = {C75E38F5-5BB9-4847-B9A8-A31696012AB3}
	EndGlobalSection
EndGlobal
